
Microsoft Visual Studio Solution File, Format Version 12.00
# Visual Studio Version 16
VisualStudioVersion = 16.0.31112.23
MinimumVisualStudioVersion = 10.0.40219.1
Project("{FAE04EC0-301F-11D3-BF4B-00C04F79EFBC}") = "PPT23test", "PPT23test\PPT23test.csproj", "{ACE9BDA0-FBA7-4759-9377-471379B9832A}"
EndProject
Global
	GlobalSection(SolutionConfigurationPlatforms) = preSolution
		Debug|Any CPU = Debug|Any CPU
		Release|Any CPU = Release|Any CPU
	EndGlobalSection
	GlobalSection(ProjectConfigurationPlatforms) = postSolution
		{ACE9BDA0-FBA7-4759-9377-471379B9832A}.Debug|Any CPU.ActiveCfg = Debug|Any CPU
		{ACE9BDA0-FBA7-4759-9377-471379B9832A}.Debug|Any CPU.Build.0 = Debug|Any CPU
		{ACE9BDA0-FBA7-4759-9377-471379B9832A}.Release|Any CPU.ActiveCfg = Release|Any CPU
		{ACE9BDA0-FBA7-4759-9377-471379B9832A}.Release|Any CPU.Build.0 = Release|Any CPU
	EndGlobalSection
	GlobalSection(SolutionProperties) = preSolution
		HideSolutionNode = FALSE
	EndGlobalSection
	GlobalSection(ExtensibilityGlobals) = postSolution
		SolutionGuid = {2AFA4822-63DF-417D-A74E-3BFFFCB2AC35}
	EndGlobalSection
EndGlobal
